<?xml version="1.0" encoding="utf-8"?>
<Project ToolsVersion="4.0" xmlns="http://schemas.microsoft.com/developer/msbuild/2003">
  <ItemGroup>
    <ClCompile Include="AudioManager.cpp" />
    <ClCompile Include="AssetManager.cpp" />
    <ClCompile Include="Credits.cpp" />
    <ClCompile Include="Font.cpp" />
    <ClCompile Include="GameEntity.cpp" />
    <ClCompile Include="GameManager.cpp" />
    <ClCompile Include="glad.c" />
    <ClCompile Include="Graphics.cpp" />
    <ClCompile Include="InputManager.cpp" />
    <ClCompile Include="Main.cpp" />
    <ClCompile Include="PlayScreen.cpp" />
    <ClCompile Include="ScreenManager.cpp" />
    <ClCompile Include="Shader.cpp" />
    <ClCompile Include="StartScreen.cpp" />
    <ClCompile Include="stb_image.cpp" />
    <ClCompile Include="Texture.cpp" />
    <ClCompile Include="SplashScreen.cpp" />
    <ClCompile Include="Timer.cpp" />
  </ItemGroup>
  <ItemGroup>
    <ClInclude Include="AudioManager.h" />
    <ClInclude Include="AssetManager.h" />
    <ClInclude Include="Credits.h" />
    <ClInclude Include="Font.h" />
    <ClInclude Include="GameEntity.h" />
    <ClInclude Include="GameManager.h" />
    <ClInclude Include="Graphics.h" />
    <ClInclude Include="InputManager.h" />
    <ClInclude Include="MathHelper.h" />
    <ClInclude Include="PlayScreen.h" />
    <ClInclude Include="ScreenManager.h" />
    <ClInclude Include="Shader.h" />
    <ClInclude Include="StartScreen.h" />
    <ClInclude Include="stb_image.h" />
    <ClInclude Include="Texture.h" />
    <ClInclude Include="SplashScreen.h" />
    <ClInclude Include="Timer.h" />
  </ItemGroup>
</Project>